// !$*UTF8*$!
{
	archiveVersion = 1;
	classes = {
	};
	objectVersion = 46;
	objects = {

/* Begin PBXBuildFile section */
		3B5898E41F1D82EB00DE9E51 /* AppDelegate.swift in Sources */ = {isa = PBXBuildFile; fileRef = 3B5898E31F1D82EB00DE9E51 /* AppDelegate.swift */; };
		3B5898E61F1D82EB00DE9E51 /* ViewController.swift in Sources */ = {isa = PBXBuildFile; fileRef = 3B5898E51F1D82EB00DE9E51 /* ViewController.swift */; };
		3B5898E91F1D82EB00DE9E51 /* Main.storyboard in Resources */ = {isa = PBXBuildFile; fileRef = 3B5898E71F1D82EB00DE9E51 /* Main.storyboard */; };
		3B5898EC1F1D82EB00DE9E51 /* HelloCoreData.xcdatamodeld in Sources */ = {isa = PBXBuildFile; fileRef = 3B5898EA1F1D82EB00DE9E51 /* HelloCoreData.xcdatamodeld */; };
		3B5898EE1F1D82EB00DE9E51 /* Assets.xcassets in Resources */ = {isa = PBXBuildFile; fileRef = 3B5898ED1F1D82EB00DE9E51 /* Assets.xcassets */; };
		3B5898F11F1D82EB00DE9E51 /* LaunchScreen.storyboard in Resources */ = {isa = PBXBuildFile; fileRef = 3B5898EF1F1D82EB00DE9E51 /* LaunchScreen.storyboard */; };
		3B5898FC1F1D82EB00DE9E51 /* HelloCoreDataTests.swift in Sources */ = {isa = PBXBuildFile; fileRef = 3B5898FB1F1D82EB00DE9E51 /* HelloCoreDataTests.swift */; };
		3B5899071F1D82EB00DE9E51 /* HelloCoreDataUITests.swift in Sources */ = {isa = PBXBuildFile; fileRef = 3B5899061F1D82EB00DE9E51 /* HelloCoreDataUITests.swift */; };
/* End PBXBuildFile section */

/* Begin PBXContainerItemProxy section */
		3B5898F81F1D82EB00DE9E51 /* PBXContainerItemProxy */ = {
			isa = PBXContainerItemProxy;
			containerPortal = 3B5898D81F1D82EB00DE9E51 /* Project object */;
			proxyType = 1;
			remoteGlobalIDString = 3B5898DF1F1D82EB00DE9E51;
			remoteInfo = HelloCoreData;
		};
		3B5899031F1D82EB00DE9E51 /* PBXContainerItemProxy */ = {
			isa = PBXContainerItemProxy;
			containerPortal = 3B5898D81F1D82EB00DE9E51 /* Project object */;
			proxyType = 1;
			remoteGlobalIDString = 3B5898DF1F1D82EB00DE9E51;
			remoteInfo = HelloCoreData;
		};
/* End PBXContainerItemProxy section */

/* Begin PBXFileReference section */
		3B5898E01F1D82EB00DE9E51 /* HelloCoreData.app */ = {isa = PBXFileReference; explicitFileType = wrapper.application; includeInIndex = 0; path = HelloCoreData.app; sourceTree = BUILT_PRODUCTS_DIR; };
		3B5898E31F1D82EB00DE9E51 /* AppDelegate.swift */ = {isa = PBXFileReference; lastKnownFileType = sourcecode.swift; path = AppDelegate.swift; sourceTree = "<group>"; };
		3B5898E51F1D82EB00DE9E51 /* ViewController.swift */ = {isa = PBXFileReference; lastKnownFileType = sourcecode.swift; path = ViewController.swift; sourceTree = "<group>"; };
		3B5898E81F1D82EB00DE9E51 /* Base */ = {isa = PBXFileReference; lastKnownFileType = file.storyboard; name = Base; path = Base.lproj/Main.storyboard; sourceTree = "<group>"; };
		3B5898EB1F1D82EB00DE9E51 /* HelloCoreData.xcdatamodel */ = {isa = PBXFileReference; lastKnownFileType = wrapper.xcdatamodel; path = HelloCoreData.xcdatamodel; sourceTree = "<group>"; };
		3B5898ED1F1D82EB00DE9E51 /* Assets.xcassets */ = {isa = PBXFileReference; lastKnownFileType = folder.assetcatalog; path = Assets.xcassets; sourceTree = "<group>"; };
		3B5898F01F1D82EB00DE9E51 /* Base */ = {isa = PBXFileReference; lastKnownFileType = file.storyboard; name = Base; path = Base.lproj/LaunchScreen.storyboard; sourceTree = "<group>"; };
		3B5898F21F1D82EB00DE9E51 /* Info.plist */ = {isa = PBXFileReference; lastKnownFileType = text.plist.xml; path = Info.plist; sourceTree = "<group>"; };
		3B5898F71F1D82EB00DE9E51 /* HelloCoreDataTests.xctest */ = {isa = PBXFileReference; explicitFileType = wrapper.cfbundle; includeInIndex = 0; path = HelloCoreDataTests.xctest; sourceTree = BUILT_PRODUCTS_DIR; };
		3B5898FB1F1D82EB00DE9E51 /* HelloCoreDataTests.swift */ = {isa = PBXFileReference; lastKnownFileType = sourcecode.swift; path = HelloCoreDataTests.swift; sourceTree = "<group>"; };
		3B5898FD1F1D82EB00DE9E51 /* Info.plist */ = {isa = PBXFileReference; lastKnownFileType = text.plist.xml; path = Info.plist; sourceTree = "<group>"; };
		3B5899021F1D82EB00DE9E51 /* HelloCoreDataUITests.xctest */ = {isa = PBXFileReference; explicitFileType = wrapper.cfbundle; includeInIndex = 0; path = HelloCoreDataUITests.xctest; sourceTree = BUILT_PRODUCTS_DIR; };
		3B5899061F1D82EB00DE9E51 /* HelloCoreDataUITests.swift */ = {isa = PBXFileReference; lastKnownFileType = sourcecode.swift; path = HelloCoreDataUITests.swift; sourceTree = "<group>"; };
		3B5899081F1D82EB00DE9E51 /* Info.plist */ = {isa = PBXFileReference; lastKnownFileType = text.plist.xml; path = Info.plist; sourceTree = "<group>"; };
/* End PBXFileReference section */

/* Begin PBXFrameworksBuildPhase section */
		3B5898DD1F1D82EB00DE9E51 /* Frameworks */ = {
			isa = PBXFrameworksBuildPhase;
			buildActionMask = 2147483647;
			files = (
			);
			runOnlyForDeploymentPostprocessing = 0;
		};
		3B5898F41F1D82EB00DE9E51 /* Frameworks */ = {
			isa = PBXFrameworksBuildPhase;
			buildActionMask = 2147483647;
			files = (
			);
			runOnlyForDeploymentPostprocessing = 0;
		};
		3B5898FF1F1D82EB00DE9E51 /* Frameworks */ = {
			isa = PBXFrameworksBuildPhase;
			buildActionMask = 2147483647;
			files = (
			);
			runOnlyForDeploymentPostprocessing = 0;
		};
/* End PBXFrameworksBuildPhase section */

/* Begin PBXGroup section */
		3B5898D71F1D82EB00DE9E51 = {
			isa = PBXGroup;
			children = (
				3B5898E21F1D82EB00DE9E51 /* HelloCoreData */,
				3B5898FA1F1D82EB00DE9E51 /* HelloCoreDataTests */,
				3B5899051F1D82EB00DE9E51 /* HelloCoreDataUITests */,
				3B5898E11F1D82EB00DE9E51 /* Products */,
			);
			sourceTree = "<group>";
		};
		3B5898E11F1D82EB00DE9E51 /* Products */ = {
			isa = PBXGroup;
			children = (
				3B5898E01F1D82EB00DE9E51 /* HelloCoreData.app */,
				3B5898F71F1D82EB00DE9E51 /* HelloCoreDataTests.xctest */,
				3B5899021F1D82EB00DE9E51 /* HelloCoreDataUITests.xctest */,
			);
			name = Products;
			sourceTree = "<group>";
		};
		3B5898E21F1D82EB00DE9E51 /* HelloCoreData */ = {
			isa = PBXGroup;
			children = (
				3B5898E31F1D82EB00DE9E51 /* AppDelegate.swift */,
				3B5898E51F1D82EB00DE9E51 /* ViewController.swift */,
				3B5898E71F1D82EB00DE9E51 /* Main.storyboard */,
				3B5898ED1F1D82EB00DE9E51 /* Assets.xcassets */,
				3B5898EF1F1D82EB00DE9E51 /* LaunchScreen.storyboard */,
				3B5898F21F1D82EB00DE9E51 /* Info.plist */,
				3B5898EA1F1D82EB00DE9E51 /* HelloCoreData.xcdatamodeld */,
			);
			path = HelloCoreData;
			sourceTree = "<group>";
		};
		3B5898FA1F1D82EB00DE9E51 /* HelloCoreDataTests */ = {
			isa = PBXGroup;
			children = (
				3B5898FB1F1D82EB00DE9E51 /* HelloCoreDataTests.swift */,
				3B5898FD1F1D82EB00DE9E51 /* Info.plist */,
			);
			path = HelloCoreDataTests;
			sourceTree = "<group>";
		};
		3B5899051F1D82EB00DE9E51 /* HelloCoreDataUITests */ = {
			isa = PBXGroup;
			children = (
				3B5899061F1D82EB00DE9E51 /* HelloCoreDataUITests.swift */,
				3B5899081F1D82EB00DE9E51 /* Info.plist */,
			);
			path = HelloCoreDataUITests;
			sourceTree = "<group>";
		};
/* End PBXGroup section */

/* Begin PBXNativeTarget section */
		3B5898DF1F1D82EB00DE9E51 /* HelloCoreData */ = {
			isa = PBXNativeTarget;
			buildConfigurationList = 3B58990B1F1D82EB00DE9E51 /* Build configuration list for PBXNativeTarget "HelloCoreData" */;
			buildPhases = (
				3B5898DC1F1D82EB00DE9E51 /* Sources */,
				3B5898DD1F1D82EB00DE9E51 /* Frameworks */,
				3B5898DE1F1D82EB00DE9E51 /* Resources */,
			);
			buildRules = (
			);
			dependencies = (
			);
			name = HelloCoreData;
			productName = HelloCoreData;
			productReference = 3B5898E01F1D82EB00DE9E51 /* HelloCoreData.app */;
			productType = "com.apple.product-type.application";
		};
		3B5898F61F1D82EB00DE9E51 /* HelloCoreDataTests */ = {
			isa = PBXNativeTarget;
			buildConfigurationList = 3B58990E1F1D82EB00DE9E51 /* Build configuration list for PBXNativeTarget "HelloCoreDataTests" */;
			buildPhases = (
				3B5898F31F1D82EB00DE9E51 /* Sources */,
				3B5898F41F1D82EB00DE9E51 /* Frameworks */,
				3B5898F51F1D82EB00DE9E51 /* Resources */,
			);
			buildRules = (
			);
			dependencies = (
				3B5898F91F1D82EB00DE9E51 /* PBXTargetDependency */,
			);
			name = HelloCoreDataTests;
			productName = HelloCoreDataTests;
			productReference = 3B5898F71F1D82EB00DE9E51 /* HelloCoreDataTests.xctest */;
			productType = "com.apple.product-type.bundle.unit-test";
		};
		3B5899011F1D82EB00DE9E51 /* HelloCoreDataUITests */ = {
			isa = PBXNativeTarget;
			buildConfigurationList = 3B5899111F1D82EB00DE9E51 /* Build configuration list for PBXNativeTarget "HelloCoreDataUITests" */;
			buildPhases = (
				3B5898FE1F1D82EB00DE9E51 /* Sources */,
				3B5898FF1F1D82EB00DE9E51 /* Frameworks */,
				3B5899001F1D82EB00DE9E51 /* Resources */,
			);
			buildRules = (
			);
			dependencies = (
				3B5899041F1D82EB00DE9E51 /* PBXTargetDependency */,
			);
			name = HelloCoreDataUITests;
			productName = HelloCoreDataUITests;
			productReference = 3B5899021F1D82EB00DE9E51 /* HelloCoreDataUITests.xctest */;
			productType = "com.apple.product-type.bundle.ui-testing";
		};
/* End PBXNativeTarget section */

/* Begin PBXProject section */
		3B5898D81F1D82EB00DE9E51 /* Project object */ = {
			isa = PBXProject;
			attributes = {
				LastSwiftUpdateCheck = 0830;
				LastUpgradeCheck = 0830;
				ORGANIZATIONNAME = "Lu Yu";
				TargetAttributes = {
					3B5898DF1F1D82EB00DE9E51 = {
						CreatedOnToolsVersion = 8.3.3;
						ProvisioningStyle = Automatic;
					};
					3B5898F61F1D82EB00DE9E51 = {
						CreatedOnToolsVersion = 8.3.3;
						ProvisioningStyle = Automatic;
						TestTargetID = 3B5898DF1F1D82EB00DE9E51;
					};
					3B5899011F1D82EB00DE9E51 = {
						CreatedOnToolsVersion = 8.3.3;
						ProvisioningStyle = Automatic;
						TestTargetID = 3B5898DF1F1D82EB00DE9E51;
					};
				};
			};
			buildConfigurationList = 3B5898DB1F1D82EB00DE9E51 /* Build configuration list for PBXProject "HelloCoreData" */;
			compatibilityVersion = "Xcode 3.2";
			developmentRegion = English;
			hasScannedForEncodings = 0;
			knownRegions = (
				en,
				Base,
			);
			mainGroup = 3B5898D71F1D82EB00DE9E51;
			productRefGroup = 3B5898E11F1D82EB00DE9E51 /* Products */;
			projectDirPath = "";
			projectRoot = "";
			targets = (
				3B5898DF1F1D82EB00DE9E51 /* HelloCoreData */,
				3B5898F61F1D82EB00DE9E51 /* HelloCoreDataTests */,
				3B5899011F1D82EB00DE9E51 /* HelloCoreDataUITests */,
			);
		};
/* End PBXProject section */

/* Begin PBXResourcesBuildPhase section */
		3B5898DE1F1D82EB00DE9E51 /* Resources */ = {
			isa = PBXResourcesBuildPhase;
			buildActionMask = 2147483647;
			files = (
				3B5898F11F1D82EB00DE9E51 /* LaunchScreen.storyboard in Resources */,
				3B5898EE1F1D82EB00DE9E51 /* Assets.xcassets in Resources */,
				3B5898E91F1D82EB00DE9E51 /* Main.storyboard in Resources */,
			);
			runOnlyForDeploymentPostprocessing = 0;
		};
		3B5898F51F1D82EB00DE9E51 /* Resources */ = {
			isa = PBXResourcesBuildPhase;
			buildActionMask = 2147483647;
			files = (
			);
			runOnlyForDeploymentPostprocessing = 0;
		};
		3B5899001F1D82EB00DE9E51 /* Resources */ = {
			isa = PBXResourcesBuildPhase;
			buildActionMask = 2147483647;
			files = (
			);
			runOnlyForDeploymentPostprocessing = 0;
		};
/* End PBXResourcesBuildPhase section */

/* Begin PBXSourcesBuildPhase section */
		3B5898DC1F1D82EB00DE9E51 /* Sources */ = {
			isa = PBXSourcesBuildPhase;
			buildActionMask = 2147483647;
			files = (
				3B5898EC1F1D82EB00DE9E51 /* HelloCoreData.xcdatamodeld in Sources */,
				3B5898E61F1D82EB00DE9E51 /* ViewController.swift in Sources */,
				3B5898E41F1D82EB00DE9E51 /* AppDelegate.swift in Sources */,
			);
			runOnlyForDeploymentPostprocessing = 0;
		};
		3B5898F31F1D82EB00DE9E51 /* Sources */ = {
			isa = PBXSourcesBuildPhase;
			buildActionMask = 2147483647;
			files = (
				3B5898FC1F1D82EB00DE9E51 /* HelloCoreDataTests.swift in Sources */,
			);
			runOnlyForDeploymentPostprocessing = 0;
		};
		3B5898FE1F1D82EB00DE9E51 /* Sources */ = {
			isa = PBXSourcesBuildPhase;
			buildActionMask = 2147483647;
			files = (
				3B5899071F1D82EB00DE9E51 /* HelloCoreDataUITests.swift in Sources */,
			);
			runOnlyForDeploymentPostprocessing = 0;
		};
/* End PBXSourcesBuildPhase section */

/* Begin PBXTargetDependency section */
		3B5898F91F1D82EB00DE9E51 /* PBXTargetDependency */ = {
			isa = PBXTargetDependency;
			target = 3B5898DF1F1D82EB00DE9E51 /* HelloCoreData */;
			targetProxy = 3B5898F81F1D82EB00DE9E51 /* PBXContainerItemProxy */;
		};
		3B5899041F1D82EB00DE9E51 /* PBXTargetDependency */ = {
			isa = PBXTargetDependency;
			target = 3B5898DF1F1D82EB00DE9E51 /* HelloCoreData */;
			targetProxy = 3B5899031F1D82EB00DE9E51 /* PBXContainerItemProxy */;
		};
/* End PBXTargetDependency section */

/* Begin PBXVariantGroup section */
		3B5898E71F1D82EB00DE9E51 /* Main.storyboard */ = {
			isa = PBXVariantGroup;
			children = (
				3B5898E81F1D82EB00DE9E51 /* Base */,
			);
			name = Main.storyboard;
			sourceTree = "<group>";
		};
		3B5898EF1F1D82EB00DE9E51 /* LaunchScreen.storyboard */ = {
			isa = PBXVariantGroup;
			children = (
				3B5898F01F1D82EB00DE9E51 /* Base */,
			);
			name = LaunchScreen.storyboard;
			sourceTree = "<group>";
		};
/* End PBXVariantGroup section */

/* Begin XCBuildConfiguration section */
		3B5899091F1D82EB00DE9E51 /* Debug */ = {
			isa = XCBuildConfiguration;
			buildSettings = {
				ALWAYS_SEARCH_USER_PATHS = NO;
				CLANG_ANALYZER_NONNULL = YES;
				CLANG_ANALYZER_NUMBER_OBJECT_CONVERSION = YES_AGGRESSIVE;
				CLANG_CXX_LANGUAGE_STANDARD = "gnu++0x";
				CLANG_CXX_LIBRARY = "libc++";
				CLANG_ENABLE_MODULES = YES;
				CLANG_ENABLE_OBJC_ARC = YES;
				CLANG_WARN_BOOL_CONVERSION = YES;
				CLANG_WARN_CONSTANT_CONVERSION = YES;
				CLANG_WARN_DIRECT_OBJC_ISA_USAGE = YES_ERROR;
				CLANG_WARN_DOCUMENTATION_COMMENTS = YES;
				CLANG_WARN_EMPTY_BODY = YES;
				CLANG_WARN_ENUM_CONVERSION = YES;
				CLANG_WARN_INFINITE_RECURSION = YES;
				CLANG_WARN_INT_CONVERSION = YES;
				CLANG_WARN_OBJC_ROOT_CLASS = YES_ERROR;
				CLANG_WARN_SUSPICIOUS_MOVE = YES;
				CLANG_WARN_UNREACHABLE_CODE = YES;
				CLANG_WARN__DUPLICATE_METHOD_MATCH = YES;
				"CODE_SIGN_IDENTITY[sdk=iphoneos*]" = "iPhone Developer";
				COPY_PHASE_STRIP = NO;
				DEBUG_INFORMATION_FORMAT = dwarf;
				ENABLE_STRICT_OBJC_MSGSEND = YES;
				ENABLE_TESTABILITY = YES;
				GCC_C_LANGUAGE_STANDARD = gnu99;
				GCC_DYNAMIC_NO_PIC = NO;
				GCC_NO_COMMON_BLOCKS = YES;
				GCC_OPTIMIZATION_LEVEL = 0;
				GCC_PREPROCESSOR_DEFINITIONS = (
					"DEBUG=1",
					"$(inherited)",
				);
				GCC_WARN_64_TO_32_BIT_CONVERSION = YES;
				GCC_WARN_ABOUT_RETURN_TYPE = YES_ERROR;
				GCC_WARN_UNDECLARED_SELECTOR = YES;
				GCC_WARN_UNINITIALIZED_AUTOS = YES_AGGRESSIVE;
				GCC_WARN_UNUSED_FUNCTION = YES;
				GCC_WARN_UNUSED_VARIABLE = YES;
				IPHONEOS_DEPLOYMENT_TARGET = 10.3;
				MTL_ENABLE_DEBUG_INFO = YES;
				ONLY_ACTIVE_ARCH = YES;
				SDKROOT = iphoneos;
				SWIFT_ACTIVE_COMPILATION_CONDITIONS = DEBUG;
				SWIFT_OPTIMIZATION_LEVEL = "-Onone";
				TARGETED_DEVICE_FAMILY = "1,2";
			};
			name = Debug;
		};
		3B58990A1F1D82EB00DE9E51 /* Release */ = {
			isa = XCBuildConfiguration;
			buildSettings = {
				ALWAYS_SEARCH_USER_PATHS = NO;
				CLANG_ANALYZER_NONNULL = YES;
				CLANG_ANALYZER_NUMBER_OBJECT_CONVERSION = YES_AGGRESSIVE;
				CLANG_CXX_LANGUAGE_STANDARD = "gnu++0x";
				CLANG_CXX_LIBRARY = "libc++";
				CLANG_ENABLE_MODULES = YES;
				CLANG_ENABLE_OBJC_ARC = YES;
				CLANG_WARN_BOOL_CONVERSION = YES;
				CLANG_WARN_CONSTANT_CONVERSION = YES;
				CLANG_WARN_DIRECT_OBJC_ISA_USAGE = YES_ERROR;
				CLANG_WARN_DOCUMENTATION_COMMENTS = YES;
				CLANG_WARN_EMPTY_BODY = YES;
				CLANG_WARN_ENUM_CONVERSION = YES;
				CLANG_WARN_INFINITE_RECURSION = YES;
				CLANG_WARN_INT_CONVERSION = YES;
				CLANG_WARN_OBJC_ROOT_CLASS = YES_ERROR;
				CLANG_WARN_SUSPICIOUS_MOVE = YES;
				CLANG_WARN_UNREACHABLE_CODE = YES;
				CLANG_WARN__DUPLICATE_METHOD_MATCH = YES;
				"CODE_SIGN_IDENTITY[sdk=iphoneos*]" = "iPhone Developer";
				COPY_PHASE_STRIP = NO;
				DEBUG_INFORMATION_FORMAT = "dwarf-with-dsym";
				ENABLE_NS_ASSERTIONS = NO;
				ENABLE_STRICT_OBJC_MSGSEND = YES;
				GCC_C_LANGUAGE_STANDARD = gnu99;
				GCC_NO_COMMON_BLOCKS = YES;
				GCC_WARN_64_TO_32_BIT_CONVERSION = YES;
				GCC_WARN_ABOUT_RETURN_TYPE = YES_ERROR;
				GCC_WARN_UNDECLARED_SELECTOR = YES;
				GCC_WARN_UNINITIALIZED_AUTOS = YES_AGGRESSIVE;
				GCC_WARN_UNUSED_FUNCTION = YES;
				GCC_WARN_UNUSED_VARIABLE = YES;
				IPHONEOS_DEPLOYMENT_TARGET = 10.3;
				MTL_ENABLE_DEBUG_INFO = NO;
				SDKROOT = iphoneos;
				SWIFT_OPTIMIZATION_LEVEL = "-Owholemodule";
				TARGETED_DEVICE_FAMILY = "1,2";
				VALIDATE_PRODUCT = YES;
			};
			name = Release;
		};
		3B58990C1F1D82EB00DE9E51 /* Debug */ = {
			isa = XCBuildConfiguration;
			buildSettings = {
				ASSETCATALOG_COMPILER_APPICON_NAME = AppIcon;
				INFOPLIST_FILE = HelloCoreData/Info.plist;
				LD_RUNPATH_SEARCH_PATHS = "$(inherited) @executable_path/Frameworks";
				PRODUCT_BUNDLE_IDENTIFIER = com.codingdojo.HelloCoreData;
				PRODUCT_NAME = "$(TARGET_NAME)";
				SWIFT_VERSION = 3.0;
			};
			name = Debug;
		};
		3B58990D1F1D82EB00DE9E51 /* Release */ = {
			isa = XCBuildConfiguration;
			buildSettings = {
				ASSETCATALOG_COMPILER_APPICON_NAME = AppIcon;
				INFOPLIST_FILE = HelloCoreData/Info.plist;
				LD_RUNPATH_SEARCH_PATHS = "$(inherited) @executable_path/Frameworks";
				PRODUCT_BUNDLE_IDENTIFIER = com.codingdojo.HelloCoreData;
				PRODUCT_NAME = "$(TARGET_NAME)";
				SWIFT_VERSION = 3.0;
			};
			name = Release;
		};
		3B58990F1F1D82EB00DE9E51 /* Debug */ = {
			isa = XCBuildConfiguration;
			buildSettings = {
				ALWAYS_EMBED_SWIFT_STANDARD_LIBRARIES = YES;
				BUNDLE_LOADER = "$(TEST_HOST)";
				INFOPLIST_FILE = HelloCoreDataTests/Info.plist;
				LD_RUNPATH_SEARCH_PATHS = "$(inherited) @executable_path/Frameworks @loader_path/Frameworks";
				PRODUCT_BUNDLE_IDENTIFIER = com.codingdojo.HelloCoreDataTests;
				PRODUCT_NAME = "$(TARGET_NAME)";
				SWIFT_VERSION = 3.0;
				TEST_HOST = "$(BUILT_PRODUCTS_DIR)/HelloCoreData.app/HelloCoreData";
			};
			name = Debug;
		};
		3B5899101F1D82EB00DE9E51 /* Release */ = {
			isa = XCBuildConfiguration;
			buildSettings = {
				ALWAYS_EMBED_SWIFT_STANDARD_LIBRARIES = YES;
				BUNDLE_LOADER = "$(TEST_HOST)";
				INFOPLIST_FILE = HelloCoreDataTests/Info.plist;
				LD_RUNPATH_SEARCH_PATHS = "$(inherited) @executable_path/Frameworks @loader_path/Frameworks";
				PRODUCT_BUNDLE_IDENTIFIER = com.codingdojo.HelloCoreDataTests;
				PRODUCT_NAME = "$(TARGET_NAME)";
				SWIFT_VERSION = 3.0;
				TEST_HOST = "$(BUILT_PRODUCTS_DIR)/HelloCoreData.app/HelloCoreData";
			};
			name = Release;
		};
		3B5899121F1D82EB00DE9E51 /* Debug */ = {
			isa = XCBuildConfiguration;
			buildSettings = {
				ALWAYS_EMBED_SWIFT_STANDARD_LIBRARIES = YES;
				INFOPLIST_FILE = HelloCoreDataUITests/Info.plist;
				LD_RUNPATH_SEARCH_PATHS = "$(inherited) @executable_path/Frameworks @loader_path/Frameworks";
				PRODUCT_BUNDLE_IDENTIFIER = com.codingdojo.HelloCoreDataUITests;
				PRODUCT_NAME = "$(TARGET_NAME)";
				SWIFT_VERSION = 3.0;
				TEST_TARGET_NAME = HelloCoreData;
			};
			name = Debug;
		};
		3B5899131F1D82EB00DE9E51 /* Release */ = {
			isa = XCBuildConfiguration;
			buildSettings = {
				ALWAYS_EMBED_SWIFT_STANDARD_LIBRARIES = YES;
				INFOPLIST_FILE = HelloCoreDataUITests/Info.plist;
				LD_RUNPATH_SEARCH_PATHS = "$(inherited) @executable_path/Frameworks @loader_path/Frameworks";
				PRODUCT_BUNDLE_IDENTIFIER = com.codingdojo.HelloCoreDataUITests;
				PRODUCT_NAME = "$(TARGET_NAME)";
				SWIFT_VERSION = 3.0;
				TEST_TARGET_NAME = HelloCoreData;
			};
			name = Release;
		};
/* End XCBuildConfiguration section */

/* Begin XCConfigurationList section */
		3B5898DB1F1D82EB00DE9E51 /* Build configuration list for PBXProject "HelloCoreData" */ = {
			isa = XCConfigurationList;
			buildConfigurations = (
				3B5899091F1D82EB00DE9E51 /* Debug */,
				3B58990A1F1D82EB00DE9E51 /* Release */,
			);
			defaultConfigurationIsVisible = 0;
			defaultConfigurationName = Release;
		};
		3B58990B1F1D82EB00DE9E51 /* Build configuration list for PBXNativeTarget "HelloCoreData" */ = {
			isa = XCConfigurationList;
			buildConfigurations = (
				3B58990C1F1D82EB00DE9E51 /* Debug */,
				3B58990D1F1D82EB00DE9E51 /* Release */,
			);
			defaultConfigurationIsVisible = 0;
		};
		3B58990E1F1D82EB00DE9E51 /* Build configuration list for PBXNativeTarget "HelloCoreDataTests" */ = {
			isa = XCConfigurationList;
			buildConfigurations = (
				3B58990F1F1D82EB00DE9E51 /* Debug */,
				3B5899101F1D82EB00DE9E51 /* Release */,
			);
			defaultConfigurationIsVisible = 0;
		};
		3B5899111F1D82EB00DE9E51 /* Build configuration list for PBXNativeTarget "HelloCoreDataUITests" */ = {
			isa = XCConfigurationList;
			buildConfigurations = (
				3B5899121F1D82EB00DE9E51 /* Debug */,
				3B5899131F1D82EB00DE9E51 /* Release */,
			);
			defaultConfigurationIsVisible = 0;
		};
/* End XCConfigurationList section */

/* Begin XCVersionGroup section */
		3B5898EA1F1D82EB00DE9E51 /* HelloCoreData.xcdatamodeld */ = {
			isa = XCVersionGroup;
			children = (
				3B5898EB1F1D82EB00DE9E51 /* HelloCoreData.xcdatamodel */,
			);
			currentVersion = 3B5898EB1F1D82EB00DE9E51 /* HelloCoreData.xcdatamodel */;
			path = HelloCoreData.xcdatamodeld;
			sourceTree = "<group>";
			versionGroupType = wrapper.xcdatamodel;
		};
/* End XCVersionGroup section */
	};
	rootObject = 3B5898D81F1D82EB00DE9E51 /* Project object */;
}
